
Microsoft Visual Studio Solution File, Format Version 12.00
# Visual Studio Version 16
VisualStudioVersion = 16.0.28531.58
MinimumVisualStudioVersion = 10.0.40219.1
Project("{FAE04EC0-301F-11D3-BF4B-00C04F79EFBC}") = "Ubiety.ConventionalVersion", "Ubiety.ConventionalVersion\Ubiety.ConventionalVersion.csproj", "{1F161663-9ACD-4C04-B8A7-BB6F8BA7C5D0}"
EndProject
Project("{FAE04EC0-301F-11D3-BF4B-00C04F79EFBC}") = "Ubiety.Console.Ui", "Ubiety.Console.Ui\Ubiety.Console.Ui.csproj", "{8875EB07-80AC-4A58-B70A-EFE9AE3F7A9B}"
EndProject
Project("{FAE04EC0-301F-11D3-BF4B-00C04F79EFBC}") = "Ubiety.Markdown", "Ubiety.Markdown\Ubiety.Markdown.csproj", "{A971A170-0FF4-43F4-A9D2-EDC391965F5D}"
EndProject
Global
	GlobalSection(SolutionConfigurationPlatforms) = preSolution
		Debug|Any CPU = Debug|Any CPU
		Release|Any CPU = Release|Any CPU
	EndGlobalSection
	GlobalSection(ProjectConfigurationPlatforms) = postSolution
		{1F161663-9ACD-4C04-B8A7-BB6F8BA7C5D0}.Debug|Any CPU.ActiveCfg = Debug|Any CPU
		{1F161663-9ACD-4C04-B8A7-BB6F8BA7C5D0}.Debug|Any CPU.Build.0 = Debug|Any CPU
		{1F161663-9ACD-4C04-B8A7-BB6F8BA7C5D0}.Release|Any CPU.ActiveCfg = Release|Any CPU
		{1F161663-9ACD-4C04-B8A7-BB6F8BA7C5D0}.Release|Any CPU.Build.0 = Release|Any CPU
		{8875EB07-80AC-4A58-B70A-EFE9AE3F7A9B}.Debug|Any CPU.ActiveCfg = Debug|Any CPU
		{8875EB07-80AC-4A58-B70A-EFE9AE3F7A9B}.Debug|Any CPU.Build.0 = Debug|Any CPU
		{8875EB07-80AC-4A58-B70A-EFE9AE3F7A9B}.Release|Any CPU.ActiveCfg = Release|Any CPU
		{8875EB07-80AC-4A58-B70A-EFE9AE3F7A9B}.Release|Any CPU.Build.0 = Release|Any CPU
		{A971A170-0FF4-43F4-A9D2-EDC391965F5D}.Debug|Any CPU.ActiveCfg = Debug|Any CPU
		{A971A170-0FF4-43F4-A9D2-EDC391965F5D}.Debug|Any CPU.Build.0 = Debug|Any CPU
		{A971A170-0FF4-43F4-A9D2-EDC391965F5D}.Release|Any CPU.ActiveCfg = Release|Any CPU
		{A971A170-0FF4-43F4-A9D2-EDC391965F5D}.Release|Any CPU.Build.0 = Release|Any CPU
	EndGlobalSection
	GlobalSection(SolutionProperties) = preSolution
		HideSolutionNode = FALSE
	EndGlobalSection
	GlobalSection(ExtensibilityGlobals) = postSolution
		SolutionGuid = {E9C4381A-EF49-476F-A1C6-2D2B0912DB38}
	EndGlobalSection
EndGlobal
