
Microsoft Visual Studio Solution File, Format Version 12.00
# Visual Studio Version 16
VisualStudioVersion = 16.0.28531.58
MinimumVisualStudioVersion = 10.0.40219.1
Project("{9A19103F-16F7-4668-BE54-9A1E7A4F7556}") = "Ubiety.Console.Ui", "Ubiety.Console.Ui\Ubiety.Console.Ui.csproj", "{8875EB07-80AC-4A58-B70A-EFE9AE3F7A9B}"
EndProject
Project("{9A19103F-16F7-4668-BE54-9A1E7A4F7556}") = "Ubiety.Markdown", "Ubiety.Markdown\Ubiety.Markdown.csproj", "{A971A170-0FF4-43F4-A9D2-EDC391965F5D}"
EndProject
Project("{9A19103F-16F7-4668-BE54-9A1E7A4F7556}") = "Ubiety.VersionIt", "Ubiety.VersionIt\Ubiety.VersionIt.csproj", "{D2127D5F-A22A-4631-8181-6429E7B540F7}"
EndProject
Project("{FAE04EC0-301F-11D3-BF4B-00C04F79EFBC}") = "Ubiety.VersionIt.MSBuild", "Ubiety.VersionIt.MSBuild\Ubiety.VersionIt.MSBuild.csproj", "{8D70DB4C-951E-4683-9EC5-0214DCA203B1}"
EndProject
Global
	GlobalSection(SolutionConfigurationPlatforms) = preSolution
		Debug|Any CPU = Debug|Any CPU
		Release|Any CPU = Release|Any CPU
	EndGlobalSection
	GlobalSection(ProjectConfigurationPlatforms) = postSolution
		{8875EB07-80AC-4A58-B70A-EFE9AE3F7A9B}.Debug|Any CPU.ActiveCfg = Debug|Any CPU
		{8875EB07-80AC-4A58-B70A-EFE9AE3F7A9B}.Debug|Any CPU.Build.0 = Debug|Any CPU
		{8875EB07-80AC-4A58-B70A-EFE9AE3F7A9B}.Release|Any CPU.ActiveCfg = Release|Any CPU
		{8875EB07-80AC-4A58-B70A-EFE9AE3F7A9B}.Release|Any CPU.Build.0 = Release|Any CPU
		{A971A170-0FF4-43F4-A9D2-EDC391965F5D}.Debug|Any CPU.ActiveCfg = Debug|Any CPU
		{A971A170-0FF4-43F4-A9D2-EDC391965F5D}.Debug|Any CPU.Build.0 = Debug|Any CPU
		{A971A170-0FF4-43F4-A9D2-EDC391965F5D}.Release|Any CPU.ActiveCfg = Release|Any CPU
		{A971A170-0FF4-43F4-A9D2-EDC391965F5D}.Release|Any CPU.Build.0 = Release|Any CPU
		{D2127D5F-A22A-4631-8181-6429E7B540F7}.Debug|Any CPU.ActiveCfg = Debug|Any CPU
		{D2127D5F-A22A-4631-8181-6429E7B540F7}.Debug|Any CPU.Build.0 = Debug|Any CPU
		{D2127D5F-A22A-4631-8181-6429E7B540F7}.Release|Any CPU.ActiveCfg = Release|Any CPU
		{D2127D5F-A22A-4631-8181-6429E7B540F7}.Release|Any CPU.Build.0 = Release|Any CPU
		{8D70DB4C-951E-4683-9EC5-0214DCA203B1}.Debug|Any CPU.ActiveCfg = Debug|Any CPU
		{8D70DB4C-951E-4683-9EC5-0214DCA203B1}.Debug|Any CPU.Build.0 = Debug|Any CPU
		{8D70DB4C-951E-4683-9EC5-0214DCA203B1}.Release|Any CPU.ActiveCfg = Release|Any CPU
		{8D70DB4C-951E-4683-9EC5-0214DCA203B1}.Release|Any CPU.Build.0 = Release|Any CPU
	EndGlobalSection
	GlobalSection(SolutionProperties) = preSolution
		HideSolutionNode = FALSE
	EndGlobalSection
	GlobalSection(ExtensibilityGlobals) = postSolution
		SolutionGuid = {E9C4381A-EF49-476F-A1C6-2D2B0912DB38}
	EndGlobalSection
EndGlobal
