
Microsoft Visual Studio Solution File, Format Version 12.00
# Visual Studio Version 16
VisualStudioVersion = 16.0.28531.58
MinimumVisualStudioVersion = 10.0.40219.1
Project("{9A19103F-16F7-4668-BE54-9A1E7A4F7556}") = "Ubiety.Console", "src\Ubiety.Console.Ui\Ubiety.Console.csproj", "{75FF5F0E-9366-4587-B196-C946E234CFB1}"
EndProject
Project("{9A19103F-16F7-4668-BE54-9A1E7A4F7556}") = "Ubiety.Markdown", "src\Ubiety.Markdown\Ubiety.Markdown.csproj", "{CA3F2715-468A-4E90-B170-7539202C2BCF}"
EndProject
Project("{9A19103F-16F7-4668-BE54-9A1E7A4F7556}") = "Ubiety.VersionIt", "src\Ubiety.VersionIt\Ubiety.VersionIt.csproj", "{EDDAC429-7291-4A9B-8144-91B0F994F5AB}"
EndProject
Project("{9A19103F-16F7-4668-BE54-9A1E7A4F7556}") = "Ubiety.VersionIt.MSBuild", "src\Ubiety.VersionIt.MSBuild\Ubiety.VersionIt.MSBuild.csproj", "{B2DC278B-A79D-440D-B77C-EB616B460B70}"
EndProject
Project("{9A19103F-16F7-4668-BE54-9A1E7A4F7556}") = "Ubiety.VersionIt.Test", "test\Ubiety.VersionIt.Test\Ubiety.VersionIt.Test.csproj", "{727120D6-7AFA-4D4B-A628-581BEA3B9193}"
EndProject
Project("{9A19103F-16F7-4668-BE54-9A1E7A4F7556}") = "Ubiety.VersionIt.Cake", "src\Ubiety.VersionIt.Cake\Ubiety.VersionIt.Cake.csproj", "{E5123AD0-EE76-4FE6-B611-BBBE26DE7F82}"
EndProject
Project("{9A19103F-16F7-4668-BE54-9A1E7A4F7556}") = "Ubiety.VersionIt.Core", "src\Ubiety.VersionIt.Core\Ubiety.VersionIt.Core.csproj", "{8BD1BF5E-9A26-4A2C-BDF8-A1D683603215}"
EndProject
Global
	GlobalSection(SolutionConfigurationPlatforms) = preSolution
		Debug|Any CPU = Debug|Any CPU
		Release|Any CPU = Release|Any CPU
	EndGlobalSection
	GlobalSection(ProjectConfigurationPlatforms) = postSolution
		{75FF5F0E-9366-4587-B196-C946E234CFB1}.Debug|Any CPU.ActiveCfg = Debug|Any CPU
		{75FF5F0E-9366-4587-B196-C946E234CFB1}.Debug|Any CPU.Build.0 = Debug|Any CPU
		{75FF5F0E-9366-4587-B196-C946E234CFB1}.Release|Any CPU.ActiveCfg = Release|Any CPU
		{75FF5F0E-9366-4587-B196-C946E234CFB1}.Release|Any CPU.Build.0 = Release|Any CPU
		{CA3F2715-468A-4E90-B170-7539202C2BCF}.Debug|Any CPU.ActiveCfg = Debug|Any CPU
		{CA3F2715-468A-4E90-B170-7539202C2BCF}.Debug|Any CPU.Build.0 = Debug|Any CPU
		{CA3F2715-468A-4E90-B170-7539202C2BCF}.Release|Any CPU.ActiveCfg = Release|Any CPU
		{CA3F2715-468A-4E90-B170-7539202C2BCF}.Release|Any CPU.Build.0 = Release|Any CPU
		{EDDAC429-7291-4A9B-8144-91B0F994F5AB}.Debug|Any CPU.ActiveCfg = Debug|Any CPU
		{EDDAC429-7291-4A9B-8144-91B0F994F5AB}.Debug|Any CPU.Build.0 = Debug|Any CPU
		{EDDAC429-7291-4A9B-8144-91B0F994F5AB}.Release|Any CPU.ActiveCfg = Release|Any CPU
		{EDDAC429-7291-4A9B-8144-91B0F994F5AB}.Release|Any CPU.Build.0 = Release|Any CPU
		{B2DC278B-A79D-440D-B77C-EB616B460B70}.Debug|Any CPU.ActiveCfg = Debug|Any CPU
		{B2DC278B-A79D-440D-B77C-EB616B460B70}.Debug|Any CPU.Build.0 = Debug|Any CPU
		{B2DC278B-A79D-440D-B77C-EB616B460B70}.Release|Any CPU.ActiveCfg = Release|Any CPU
		{B2DC278B-A79D-440D-B77C-EB616B460B70}.Release|Any CPU.Build.0 = Release|Any CPU
		{727120D6-7AFA-4D4B-A628-581BEA3B9193}.Debug|Any CPU.ActiveCfg = Debug|Any CPU
		{727120D6-7AFA-4D4B-A628-581BEA3B9193}.Debug|Any CPU.Build.0 = Debug|Any CPU
		{727120D6-7AFA-4D4B-A628-581BEA3B9193}.Release|Any CPU.ActiveCfg = Release|Any CPU
		{727120D6-7AFA-4D4B-A628-581BEA3B9193}.Release|Any CPU.Build.0 = Release|Any CPU
		{E5123AD0-EE76-4FE6-B611-BBBE26DE7F82}.Debug|Any CPU.ActiveCfg = Debug|Any CPU
		{E5123AD0-EE76-4FE6-B611-BBBE26DE7F82}.Debug|Any CPU.Build.0 = Debug|Any CPU
		{E5123AD0-EE76-4FE6-B611-BBBE26DE7F82}.Release|Any CPU.ActiveCfg = Release|Any CPU
		{E5123AD0-EE76-4FE6-B611-BBBE26DE7F82}.Release|Any CPU.Build.0 = Release|Any CPU
		{8BD1BF5E-9A26-4A2C-BDF8-A1D683603215}.Debug|Any CPU.ActiveCfg = Debug|Any CPU
		{8BD1BF5E-9A26-4A2C-BDF8-A1D683603215}.Debug|Any CPU.Build.0 = Debug|Any CPU
		{8BD1BF5E-9A26-4A2C-BDF8-A1D683603215}.Release|Any CPU.ActiveCfg = Release|Any CPU
		{8BD1BF5E-9A26-4A2C-BDF8-A1D683603215}.Release|Any CPU.Build.0 = Release|Any CPU
	EndGlobalSection
	GlobalSection(SolutionProperties) = preSolution
		HideSolutionNode = FALSE
	EndGlobalSection
	GlobalSection(ExtensibilityGlobals) = postSolution
		SolutionGuid = {E9C4381A-EF49-476F-A1C6-2D2B0912DB38}
	EndGlobalSection
EndGlobal
